// !$*UTF8*$!
{
	archiveVersion = 1;
	classes = {
	};
	objectVersion = 48;
	objects = {

/* Begin PBXBuildFile section */
		A4E2050120AD67140019212B /* AppDelegate.swift in Sources */ = {isa = PBXBuildFile; fileRef = A4E2050020AD67140019212B /* AppDelegate.swift */; };
		A4E2050320AD67140019212B /* ViewController.swift in Sources */ = {isa = PBXBuildFile; fileRef = A4E2050220AD67140019212B /* ViewController.swift */; };
		A4E2050620AD67140019212B /* Main.storyboard in Resources */ = {isa = PBXBuildFile; fileRef = A4E2050420AD67140019212B /* Main.storyboard */; };
		A4E2050820AD67140019212B /* Assets.xcassets in Resources */ = {isa = PBXBuildFile; fileRef = A4E2050720AD67140019212B /* Assets.xcassets */; };
		A4E2050B20AD67140019212B /* LaunchScreen.storyboard in Resources */ = {isa = PBXBuildFile; fileRef = A4E2050920AD67140019212B /* LaunchScreen.storyboard */; };
		A4E2051320AD680D0019212B /* Sizing.swift in Sources */ = {isa = PBXBuildFile; fileRef = A4E2051220AD680C0019212B /* Sizing.swift */; };
		A4E2051520AD68AB0019212B /* Tile.swift in Sources */ = {isa = PBXBuildFile; fileRef = A4E2051420AD68AB0019212B /* Tile.swift */; };
/* End PBXBuildFile section */

/* Begin PBXFileReference section */
		A4E204FD20AD67140019212B /* SmartWindows.app */ = {isa = PBXFileReference; explicitFileType = wrapper.application; includeInIndex = 0; path = SmartWindows.app; sourceTree = BUILT_PRODUCTS_DIR; };
		A4E2050020AD67140019212B /* AppDelegate.swift */ = {isa = PBXFileReference; lastKnownFileType = sourcecode.swift; path = AppDelegate.swift; sourceTree = "<group>"; };
		A4E2050220AD67140019212B /* ViewController.swift */ = {isa = PBXFileReference; lastKnownFileType = sourcecode.swift; path = ViewController.swift; sourceTree = "<group>"; };
		A4E2050520AD67140019212B /* Base */ = {isa = PBXFileReference; lastKnownFileType = file.storyboard; name = Base; path = Base.lproj/Main.storyboard; sourceTree = "<group>"; };
		A4E2050720AD67140019212B /* Assets.xcassets */ = {isa = PBXFileReference; lastKnownFileType = folder.assetcatalog; path = Assets.xcassets; sourceTree = "<group>"; };
		A4E2050A20AD67140019212B /* Base */ = {isa = PBXFileReference; lastKnownFileType = file.storyboard; name = Base; path = Base.lproj/LaunchScreen.storyboard; sourceTree = "<group>"; };
		A4E2050C20AD67140019212B /* Info.plist */ = {isa = PBXFileReference; lastKnownFileType = text.plist.xml; path = Info.plist; sourceTree = "<group>"; };
		A4E2051220AD680C0019212B /* Sizing.swift */ = {isa = PBXFileReference; fileEncoding = 4; lastKnownFileType = sourcecode.swift; name = Sizing.swift; path = ../../../../Imported/Sizing.swift; sourceTree = "<group>"; };
		A4E2051420AD68AB0019212B /* Tile.swift */ = {isa = PBXFileReference; lastKnownFileType = sourcecode.swift; path = Tile.swift; sourceTree = "<group>"; };
/* End PBXFileReference section */

/* Begin PBXFrameworksBuildPhase section */
		A4E204FA20AD67140019212B /* Frameworks */ = {
			isa = PBXFrameworksBuildPhase;
			buildActionMask = 2147483647;
			files = (
			);
			runOnlyForDeploymentPostprocessing = 0;
		};
/* End PBXFrameworksBuildPhase section */

/* Begin PBXGroup section */
		A4E204F420AD67140019212B = {
			isa = PBXGroup;
			children = (
				A4E204FF20AD67140019212B /* SmartWindows */,
				A4E204FE20AD67140019212B /* Products */,
			);
			sourceTree = "<group>";
		};
		A4E204FE20AD67140019212B /* Products */ = {
			isa = PBXGroup;
			children = (
				A4E204FD20AD67140019212B /* SmartWindows.app */,
			);
			name = Products;
			sourceTree = "<group>";
		};
		A4E204FF20AD67140019212B /* SmartWindows */ = {
			isa = PBXGroup;
			children = (
				A4E2050020AD67140019212B /* AppDelegate.swift */,
				A4E2050220AD67140019212B /* ViewController.swift */,
				A4E2051420AD68AB0019212B /* Tile.swift */,
				A4E2051220AD680C0019212B /* Sizing.swift */,
				A4E2050420AD67140019212B /* Main.storyboard */,
				A4E2050720AD67140019212B /* Assets.xcassets */,
				A4E2050920AD67140019212B /* LaunchScreen.storyboard */,
				A4E2050C20AD67140019212B /* Info.plist */,
			);
			path = SmartWindows;
			sourceTree = "<group>";
		};
/* End PBXGroup section */

/* Begin PBXNativeTarget section */
		A4E204FC20AD67140019212B /* SmartWindows */ = {
			isa = PBXNativeTarget;
			buildConfigurationList = A4E2050F20AD67140019212B /* Build configuration list for PBXNativeTarget "SmartWindows" */;
			buildPhases = (
				A4E204F920AD67140019212B /* Sources */,
				A4E204FA20AD67140019212B /* Frameworks */,
				A4E204FB20AD67140019212B /* Resources */,
			);
			buildRules = (
			);
			dependencies = (
			);
			name = SmartWindows;
			productName = SmartWindows;
			productReference = A4E204FD20AD67140019212B /* SmartWindows.app */;
			productType = "com.apple.product-type.application";
		};
/* End PBXNativeTarget section */

/* Begin PBXProject section */
		A4E204F520AD67140019212B /* Project object */ = {
			isa = PBXProject;
			attributes = {
				LastSwiftUpdateCheck = 0920;
				LastUpgradeCheck = 0920;
				ORGANIZATIONNAME = Kohbroco;
				TargetAttributes = {
					A4E204FC20AD67140019212B = {
						CreatedOnToolsVersion = 9.2;
						ProvisioningStyle = Automatic;
					};
				};
			};
			buildConfigurationList = A4E204F820AD67140019212B /* Build configuration list for PBXProject "SmartWindows" */;
			compatibilityVersion = "Xcode 8.0";
			developmentRegion = en;
			hasScannedForEncodings = 0;
			knownRegions = (
				en,
				Base,
			);
			mainGroup = A4E204F420AD67140019212B;
			productRefGroup = A4E204FE20AD67140019212B /* Products */;
			projectDirPath = "";
			projectRoot = "";
			targets = (
				A4E204FC20AD67140019212B /* SmartWindows */,
			);
		};
/* End PBXProject section */

/* Begin PBXResourcesBuildPhase section */
		A4E204FB20AD67140019212B /* Resources */ = {
			isa = PBXResourcesBuildPhase;
			buildActionMask = 2147483647;
			files = (
				A4E2050B20AD67140019212B /* LaunchScreen.storyboard in Resources */,
				A4E2050820AD67140019212B /* Assets.xcassets in Resources */,
				A4E2050620AD67140019212B /* Main.storyboard in Resources */,
			);
			runOnlyForDeploymentPostprocessing = 0;
		};
/* End PBXResourcesBuildPhase section */

/* Begin PBXSourcesBuildPhase section */
		A4E204F920AD67140019212B /* Sources */ = {
			isa = PBXSourcesBuildPhase;
			buildActionMask = 2147483647;
			files = (
				A4E2050320AD67140019212B /* ViewController.swift in Sources */,
				A4E2050120AD67140019212B /* AppDelegate.swift in Sources */,
				A4E2051320AD680D0019212B /* Sizing.swift in Sources */,
				A4E2051520AD68AB0019212B /* Tile.swift in Sources */,
			);
			runOnlyForDeploymentPostprocessing = 0;
		};
/* End PBXSourcesBuildPhase section */

/* Begin PBXVariantGroup section */
		A4E2050420AD67140019212B /* Main.storyboard */ = {
			isa = PBXVariantGroup;
			children = (
				A4E2050520AD67140019212B /* Base */,
			);
			name = Main.storyboard;
			sourceTree = "<group>";
		};
		A4E2050920AD67140019212B /* LaunchScreen.storyboard */ = {
			isa = PBXVariantGroup;
			children = (
				A4E2050A20AD67140019212B /* Base */,
			);
			name = LaunchScreen.storyboard;
			sourceTree = "<group>";
		};
/* End PBXVariantGroup section */

/* Begin XCBuildConfiguration section */
		A4E2050D20AD67140019212B /* Debug */ = {
			isa = XCBuildConfiguration;
			buildSettings = {
				ALWAYS_SEARCH_USER_PATHS = NO;
				CLANG_ANALYZER_NONNULL = YES;
				CLANG_ANALYZER_NUMBER_OBJECT_CONVERSION = YES_AGGRESSIVE;
				CLANG_CXX_LANGUAGE_STANDARD = "gnu++14";
				CLANG_CXX_LIBRARY = "libc++";
				CLANG_ENABLE_MODULES = YES;
				CLANG_ENABLE_OBJC_ARC = YES;
				CLANG_WARN_BLOCK_CAPTURE_AUTORELEASING = YES;
				CLANG_WARN_BOOL_CONVERSION = YES;
				CLANG_WARN_COMMA = YES;
				CLANG_WARN_CONSTANT_CONVERSION = YES;
				CLANG_WARN_DIRECT_OBJC_ISA_USAGE = YES_ERROR;
				CLANG_WARN_DOCUMENTATION_COMMENTS = YES;
				CLANG_WARN_EMPTY_BODY = YES;
				CLANG_WARN_ENUM_CONVERSION = YES;
				CLANG_WARN_INFINITE_RECURSION = YES;
				CLANG_WARN_INT_CONVERSION = YES;
				CLANG_WARN_NON_LITERAL_NULL_CONVERSION = YES;
				CLANG_WARN_OBJC_LITERAL_CONVERSION = YES;
				CLANG_WARN_OBJC_ROOT_CLASS = YES_ERROR;
				CLANG_WARN_RANGE_LOOP_ANALYSIS = YES;
				CLANG_WARN_STRICT_PROTOTYPES = YES;
				CLANG_WARN_SUSPICIOUS_MOVE = YES;
				CLANG_WARN_UNGUARDED_AVAILABILITY = YES_AGGRESSIVE;
				CLANG_WARN_UNREACHABLE_CODE = YES;
				CLANG_WARN__DUPLICATE_METHOD_MATCH = YES;
				CODE_SIGN_IDENTITY = "iPhone Developer";
				COPY_PHASE_STRIP = NO;
				DEBUG_INFORMATION_FORMAT = dwarf;
				ENABLE_STRICT_OBJC_MSGSEND = YES;
				ENABLE_TESTABILITY = YES;
				GCC_C_LANGUAGE_STANDARD = gnu11;
				GCC_DYNAMIC_NO_PIC = NO;
				GCC_NO_COMMON_BLOCKS = YES;
				GCC_OPTIMIZATION_LEVEL = 0;
				GCC_PREPROCESSOR_DEFINITIONS = (
					"DEBUG=1",
					"$(inherited)",
				);
				GCC_WARN_64_TO_32_BIT_CONVERSION = YES;
				GCC_WARN_ABOUT_RETURN_TYPE = YES_ERROR;
				GCC_WARN_UNDECLARED_SELECTOR = YES;
				GCC_WARN_UNINITIALIZED_AUTOS = YES_AGGRESSIVE;
				GCC_WARN_UNUSED_FUNCTION = YES;
				GCC_WARN_UNUSED_VARIABLE = YES;
				IPHONEOS_DEPLOYMENT_TARGET = 11.2;
				MTL_ENABLE_DEBUG_INFO = YES;
				ONLY_ACTIVE_ARCH = YES;
				SDKROOT = iphoneos;
				SWIFT_ACTIVE_COMPILATION_CONDITIONS = DEBUG;
				SWIFT_OPTIMIZATION_LEVEL = "-Onone";
			};
			name = Debug;
		};
		A4E2050E20AD67140019212B /* Release */ = {
			isa = XCBuildConfiguration;
			buildSettings = {
				ALWAYS_SEARCH_USER_PATHS = NO;
				CLANG_ANALYZER_NONNULL = YES;
				CLANG_ANALYZER_NUMBER_OBJECT_CONVERSION = YES_AGGRESSIVE;
				CLANG_CXX_LANGUAGE_STANDARD = "gnu++14";
				CLANG_CXX_LIBRARY = "libc++";
				CLANG_ENABLE_MODULES = YES;
				CLANG_ENABLE_OBJC_ARC = YES;
				CLANG_WARN_BLOCK_CAPTURE_AUTORELEASING = YES;
				CLANG_WARN_BOOL_CONVERSION = YES;
				CLANG_WARN_COMMA = YES;
				CLANG_WARN_CONSTANT_CONVERSION = YES;
				CLANG_WARN_DIRECT_OBJC_ISA_USAGE = YES_ERROR;
				CLANG_WARN_DOCUMENTATION_COMMENTS = YES;
				CLANG_WARN_EMPTY_BODY = YES;
				CLANG_WARN_ENUM_CONVERSION = YES;
				CLANG_WARN_INFINITE_RECURSION = YES;
				CLANG_WARN_INT_CONVERSION = YES;
				CLANG_WARN_NON_LITERAL_NULL_CONVERSION = YES;
				CLANG_WARN_OBJC_LITERAL_CONVERSION = YES;
				CLANG_WARN_OBJC_ROOT_CLASS = YES_ERROR;
				CLANG_WARN_RANGE_LOOP_ANALYSIS = YES;
				CLANG_WARN_STRICT_PROTOTYPES = YES;
				CLANG_WARN_SUSPICIOUS_MOVE = YES;
				CLANG_WARN_UNGUARDED_AVAILABILITY = YES_AGGRESSIVE;
				CLANG_WARN_UNREACHABLE_CODE = YES;
				CLANG_WARN__DUPLICATE_METHOD_MATCH = YES;
				CODE_SIGN_IDENTITY = "iPhone Developer";
				COPY_PHASE_STRIP = NO;
				DEBUG_INFORMATION_FORMAT = "dwarf-with-dsym";
				ENABLE_NS_ASSERTIONS = NO;
				ENABLE_STRICT_OBJC_MSGSEND = YES;
				GCC_C_LANGUAGE_STANDARD = gnu11;
				GCC_NO_COMMON_BLOCKS = YES;
				GCC_WARN_64_TO_32_BIT_CONVERSION = YES;
				GCC_WARN_ABOUT_RETURN_TYPE = YES_ERROR;
				GCC_WARN_UNDECLARED_SELECTOR = YES;
				GCC_WARN_UNINITIALIZED_AUTOS = YES_AGGRESSIVE;
				GCC_WARN_UNUSED_FUNCTION = YES;
				GCC_WARN_UNUSED_VARIABLE = YES;
				IPHONEOS_DEPLOYMENT_TARGET = 11.2;
				MTL_ENABLE_DEBUG_INFO = NO;
				SDKROOT = iphoneos;
				SWIFT_OPTIMIZATION_LEVEL = "-Owholemodule";
				VALIDATE_PRODUCT = YES;
			};
			name = Release;
		};
		A4E2051020AD67140019212B /* Debug */ = {
			isa = XCBuildConfiguration;
			buildSettings = {
				ASSETCATALOG_COMPILER_APPICON_NAME = AppIcon;
				CODE_SIGN_STYLE = Automatic;
				DEVELOPMENT_TEAM = D6W5DP48V9;
				INFOPLIST_FILE = SmartWindows/Info.plist;
				LD_RUNPATH_SEARCH_PATHS = "$(inherited) @executable_path/Frameworks";
				PRODUCT_BUNDLE_IDENTIFIER = kohbroco.SmartWindows;
				PRODUCT_NAME = "$(TARGET_NAME)";
				SWIFT_VERSION = 4.0;
				TARGETED_DEVICE_FAMILY = "1,2";
			};
			name = Debug;
		};
		A4E2051120AD67140019212B /* Release */ = {
			isa = XCBuildConfiguration;
			buildSettings = {
				ASSETCATALOG_COMPILER_APPICON_NAME = AppIcon;
				CODE_SIGN_STYLE = Automatic;
				DEVELOPMENT_TEAM = D6W5DP48V9;
				INFOPLIST_FILE = SmartWindows/Info.plist;
				LD_RUNPATH_SEARCH_PATHS = "$(inherited) @executable_path/Frameworks";
				PRODUCT_BUNDLE_IDENTIFIER = kohbroco.SmartWindows;
				PRODUCT_NAME = "$(TARGET_NAME)";
				SWIFT_VERSION = 4.0;
				TARGETED_DEVICE_FAMILY = "1,2";
			};
			name = Release;
		};
/* End XCBuildConfiguration section */

/* Begin XCConfigurationList section */
		A4E204F820AD67140019212B /* Build configuration list for PBXProject "SmartWindows" */ = {
			isa = XCConfigurationList;
			buildConfigurations = (
				A4E2050D20AD67140019212B /* Debug */,
				A4E2050E20AD67140019212B /* Release */,
			);
			defaultConfigurationIsVisible = 0;
			defaultConfigurationName = Release;
		};
		A4E2050F20AD67140019212B /* Build configuration list for PBXNativeTarget "SmartWindows" */ = {
			isa = XCConfigurationList;
			buildConfigurations = (
				A4E2051020AD67140019212B /* Debug */,
				A4E2051120AD67140019212B /* Release */,
			);
			defaultConfigurationIsVisible = 0;
			defaultConfigurationName = Release;
		};
/* End XCConfigurationList section */
	};
	rootObject = A4E204F520AD67140019212B /* Project object */;
}
